
Microsoft Visual Studio Solution File, Format Version 12.00
# Visual Studio Version 16
VisualStudioVersion = 16.0.30114.105
MinimumVisualStudioVersion = 10.0.40219.1
Project("{FAE04EC0-301F-11D3-BF4B-00C04F79EFBC}") = "client", "client\client.csproj", "{74F7633A-9924-4AB1-AAD0-93E402AC030D}"
EndProject
Project("{FAE04EC0-301F-11D3-BF4B-00C04F79EFBC}") = "Functions101", "Functions101\Functions101.csproj", "{1BB384AE-AE44-4D89-B6D6-284942CAF919}"
EndProject
Global
	GlobalSection(SolutionConfigurationPlatforms) = preSolution
		Debug|Any CPU = Debug|Any CPU
		Release|Any CPU = Release|Any CPU
	EndGlobalSection
	GlobalSection(SolutionProperties) = preSolution
		HideSolutionNode = FALSE
	EndGlobalSection
	GlobalSection(ProjectConfigurationPlatforms) = postSolution
		{74F7633A-9924-4AB1-AAD0-93E402AC030D}.Debug|Any CPU.ActiveCfg = Debug|Any CPU
		{74F7633A-9924-4AB1-AAD0-93E402AC030D}.Debug|Any CPU.Build.0 = Debug|Any CPU
		{74F7633A-9924-4AB1-AAD0-93E402AC030D}.Release|Any CPU.ActiveCfg = Release|Any CPU
		{74F7633A-9924-4AB1-AAD0-93E402AC030D}.Release|Any CPU.Build.0 = Release|Any CPU
		{1BB384AE-AE44-4D89-B6D6-284942CAF919}.Debug|Any CPU.ActiveCfg = Debug|Any CPU
		{1BB384AE-AE44-4D89-B6D6-284942CAF919}.Debug|Any CPU.Build.0 = Debug|Any CPU
		{1BB384AE-AE44-4D89-B6D6-284942CAF919}.Release|Any CPU.ActiveCfg = Release|Any CPU
		{1BB384AE-AE44-4D89-B6D6-284942CAF919}.Release|Any CPU.Build.0 = Release|Any CPU
	EndGlobalSection
EndGlobal
